
Microsoft Visual Studio Solution File, Format Version 12.00
# Visual Studio Version 16
VisualStudioVersion = 16.0.30204.135
MinimumVisualStudioVersion = 10.0.40219.1
Project("{2150E333-8FDC-42A3-9474-1A3956D46DE8}") = "src", "src", "{6255DB05-6B3A-4B04-AC57-60230CF0A5A5}"
EndProject
Project("{2150E333-8FDC-42A3-9474-1A3956D46DE8}") = "tests", "tests", "{6F928FB5-09CC-4E9F-97F2-F9565A0CD45C}"
EndProject
Project("{2150E333-8FDC-42A3-9474-1A3956D46DE8}") = "Domain", "Domain", "{AACCCEB8-3E2E-4BA8-91D1-2536840A2BDD}"
EndProject
Project("{2150E333-8FDC-42A3-9474-1A3956D46DE8}") = "Application", "Application", "{B4473D8E-3892-4F4A-ABE8-6AF9D9FC0944}"
EndProject
Project("{2150E333-8FDC-42A3-9474-1A3956D46DE8}") = "Persistence", "Persistence", "{1022F344-CCD8-4A87-9188-207D4BD76353}"
EndProject
Project("{2150E333-8FDC-42A3-9474-1A3956D46DE8}") = "Infrastructure", "Infrastructure", "{5C878372-8DD9-4B7D-928B-746F90CD649D}"
EndProject
Project("{2150E333-8FDC-42A3-9474-1A3956D46DE8}") = "Api", "Api", "{48D3D15B-25C1-4DD1-B3FF-6A186FDB4794}"
EndProject
Project("{2150E333-8FDC-42A3-9474-1A3956D46DE8}") = "Presentation", "Presentation", "{8BF16C04-74A5-4035-98B7-419DCC197D88}"
EndProject
Project("{2150E333-8FDC-42A3-9474-1A3956D46DE8}") = "Solution Items", "Solution Items", "{7EF67224-0CD0-4C27-B349-816D8935510C}"
	ProjectSection(SolutionItems) = preProject
		.editorconfig = .editorconfig
		CodeAnalysis.targets = CodeAnalysis.targets
	EndProjectSection
EndProject
Project("{9A19103F-16F7-4668-BE54-9A1E7A4F7556}") = "Expensely.Domain", "src\Domain\Expensely.Domain\Expensely.Domain.csproj", "{D664F13C-B7D5-4142-B6F5-9AD6BB627BC6}"
EndProject
Project("{9A19103F-16F7-4668-BE54-9A1E7A4F7556}") = "Expensely.Api", "src\Api\Expensely.Api\Expensely.Api.csproj", "{263F5730-B510-4B18-AAC6-D1B5B7059B19}"
EndProject
Project("{9A19103F-16F7-4668-BE54-9A1E7A4F7556}") = "Expensely.Application", "src\Application\Expensely.Application\Expensely.Application.csproj", "{80F1B40B-8AB3-400F-8ABF-B07A6C5746B6}"
EndProject
Project("{9A19103F-16F7-4668-BE54-9A1E7A4F7556}") = "Expensely.Infrastructure", "src\Infrastructure\Expensely.Infrastructure\Expensely.Infrastructure.csproj", "{5FE531F8-C75D-4EB9-8329-7D461A85DA2F}"
EndProject
Project("{9A19103F-16F7-4668-BE54-9A1E7A4F7556}") = "Expensely.Persistence", "src\Persistence\Expensely.Persistence\Expensely.Persistence.csproj", "{7778D415-E18D-4635-9844-84041C3ED9D6}"
EndProject
Project("{2150E333-8FDC-42A3-9474-1A3956D46DE8}") = "migrations", "migrations", "{F73EAA76-E776-48D9-AC48-DA27460885EF}"
EndProject
Project("{9A19103F-16F7-4668-BE54-9A1E7A4F7556}") = "Expensely.Migrations.Runner", "migrations\Expensely.Migrations.Runner\Expensely.Migrations.Runner.csproj", "{8789AF15-48BE-43EF-AA89-8DA1F6424D5E}"
EndProject
Project("{9A19103F-16F7-4668-BE54-9A1E7A4F7556}") = "Expensely.Migrations", "migrations\Expensely.Migrations\Expensely.Migrations.csproj", "{BC8A75EE-2677-458F-8CF0-902AB504A365}"
EndProject
Project("{2150E333-8FDC-42A3-9474-1A3956D46DE8}") = "Common", "Common", "{F0478D35-3427-4F15-8EA5-352C63B5B629}"
EndProject
Project("{9A19103F-16F7-4668-BE54-9A1E7A4F7556}") = "Expensely.Common", "src\Common\Expensely.Common\Expensely.Common.csproj", "{FF7E5FEF-DBE4-4813-9D85-703FED3F5B68}"
EndProject
Project("{9A19103F-16F7-4668-BE54-9A1E7A4F7556}") = "Expensely.Domain.Tests", "tests\Expensely.Domain.Tests\Expensely.Domain.Tests.csproj", "{898E4098-32E3-49BD-96F1-0105918B4862}"
EndProject
Project("{9A19103F-16F7-4668-BE54-9A1E7A4F7556}") = "Expensely.Application.Tests", "tests\Expensely.Application.Tests\Expensely.Application.Tests.csproj", "{570A572D-CB8C-4407-9462-BC5A2D7EFCE9}"
EndProject
Project("{9A19103F-16F7-4668-BE54-9A1E7A4F7556}") = "Expensely.Contracts", "src\Common\Expensely.Contracts\Expensely.Contracts.csproj", "{3269FFE7-C800-4285-A2C3-D3BC404BF98F}"
EndProject
Project("{FAE04EC0-301F-11D3-BF4B-00C04F79EFBC}") = "Expensely.Presentation", "src\Presentation\Expensely.Presentation\Expensely.Presentation.csproj", "{F38DCE55-5A11-4F10-88FB-914732A2F8D0}"
EndProject
Global
	GlobalSection(SolutionConfigurationPlatforms) = preSolution
		Debug|Any CPU = Debug|Any CPU
		Release|Any CPU = Release|Any CPU
	EndGlobalSection
	GlobalSection(ProjectConfigurationPlatforms) = postSolution
		{D664F13C-B7D5-4142-B6F5-9AD6BB627BC6}.Debug|Any CPU.ActiveCfg = Debug|Any CPU
		{D664F13C-B7D5-4142-B6F5-9AD6BB627BC6}.Debug|Any CPU.Build.0 = Debug|Any CPU
		{D664F13C-B7D5-4142-B6F5-9AD6BB627BC6}.Release|Any CPU.ActiveCfg = Release|Any CPU
		{D664F13C-B7D5-4142-B6F5-9AD6BB627BC6}.Release|Any CPU.Build.0 = Release|Any CPU
		{263F5730-B510-4B18-AAC6-D1B5B7059B19}.Debug|Any CPU.ActiveCfg = Debug|Any CPU
		{263F5730-B510-4B18-AAC6-D1B5B7059B19}.Debug|Any CPU.Build.0 = Debug|Any CPU
		{263F5730-B510-4B18-AAC6-D1B5B7059B19}.Release|Any CPU.ActiveCfg = Release|Any CPU
		{263F5730-B510-4B18-AAC6-D1B5B7059B19}.Release|Any CPU.Build.0 = Release|Any CPU
		{80F1B40B-8AB3-400F-8ABF-B07A6C5746B6}.Debug|Any CPU.ActiveCfg = Debug|Any CPU
		{80F1B40B-8AB3-400F-8ABF-B07A6C5746B6}.Debug|Any CPU.Build.0 = Debug|Any CPU
		{80F1B40B-8AB3-400F-8ABF-B07A6C5746B6}.Release|Any CPU.ActiveCfg = Release|Any CPU
		{80F1B40B-8AB3-400F-8ABF-B07A6C5746B6}.Release|Any CPU.Build.0 = Release|Any CPU
		{5FE531F8-C75D-4EB9-8329-7D461A85DA2F}.Debug|Any CPU.ActiveCfg = Debug|Any CPU
		{5FE531F8-C75D-4EB9-8329-7D461A85DA2F}.Debug|Any CPU.Build.0 = Debug|Any CPU
		{5FE531F8-C75D-4EB9-8329-7D461A85DA2F}.Release|Any CPU.ActiveCfg = Release|Any CPU
		{5FE531F8-C75D-4EB9-8329-7D461A85DA2F}.Release|Any CPU.Build.0 = Release|Any CPU
		{7778D415-E18D-4635-9844-84041C3ED9D6}.Debug|Any CPU.ActiveCfg = Debug|Any CPU
		{7778D415-E18D-4635-9844-84041C3ED9D6}.Debug|Any CPU.Build.0 = Debug|Any CPU
		{7778D415-E18D-4635-9844-84041C3ED9D6}.Release|Any CPU.ActiveCfg = Release|Any CPU
		{7778D415-E18D-4635-9844-84041C3ED9D6}.Release|Any CPU.Build.0 = Release|Any CPU
		{8789AF15-48BE-43EF-AA89-8DA1F6424D5E}.Debug|Any CPU.ActiveCfg = Debug|Any CPU
		{8789AF15-48BE-43EF-AA89-8DA1F6424D5E}.Debug|Any CPU.Build.0 = Debug|Any CPU
		{8789AF15-48BE-43EF-AA89-8DA1F6424D5E}.Release|Any CPU.ActiveCfg = Release|Any CPU
		{8789AF15-48BE-43EF-AA89-8DA1F6424D5E}.Release|Any CPU.Build.0 = Release|Any CPU
		{BC8A75EE-2677-458F-8CF0-902AB504A365}.Debug|Any CPU.ActiveCfg = Debug|Any CPU
		{BC8A75EE-2677-458F-8CF0-902AB504A365}.Debug|Any CPU.Build.0 = Debug|Any CPU
		{BC8A75EE-2677-458F-8CF0-902AB504A365}.Release|Any CPU.ActiveCfg = Release|Any CPU
		{BC8A75EE-2677-458F-8CF0-902AB504A365}.Release|Any CPU.Build.0 = Release|Any CPU
		{FF7E5FEF-DBE4-4813-9D85-703FED3F5B68}.Debug|Any CPU.ActiveCfg = Debug|Any CPU
		{FF7E5FEF-DBE4-4813-9D85-703FED3F5B68}.Debug|Any CPU.Build.0 = Debug|Any CPU
		{FF7E5FEF-DBE4-4813-9D85-703FED3F5B68}.Release|Any CPU.ActiveCfg = Release|Any CPU
		{FF7E5FEF-DBE4-4813-9D85-703FED3F5B68}.Release|Any CPU.Build.0 = Release|Any CPU
		{898E4098-32E3-49BD-96F1-0105918B4862}.Debug|Any CPU.ActiveCfg = Debug|Any CPU
		{898E4098-32E3-49BD-96F1-0105918B4862}.Debug|Any CPU.Build.0 = Debug|Any CPU
		{898E4098-32E3-49BD-96F1-0105918B4862}.Release|Any CPU.ActiveCfg = Release|Any CPU
		{898E4098-32E3-49BD-96F1-0105918B4862}.Release|Any CPU.Build.0 = Release|Any CPU
		{570A572D-CB8C-4407-9462-BC5A2D7EFCE9}.Debug|Any CPU.ActiveCfg = Debug|Any CPU
		{570A572D-CB8C-4407-9462-BC5A2D7EFCE9}.Debug|Any CPU.Build.0 = Debug|Any CPU
		{570A572D-CB8C-4407-9462-BC5A2D7EFCE9}.Release|Any CPU.ActiveCfg = Release|Any CPU
		{570A572D-CB8C-4407-9462-BC5A2D7EFCE9}.Release|Any CPU.Build.0 = Release|Any CPU
		{3269FFE7-C800-4285-A2C3-D3BC404BF98F}.Debug|Any CPU.ActiveCfg = Debug|Any CPU
		{3269FFE7-C800-4285-A2C3-D3BC404BF98F}.Debug|Any CPU.Build.0 = Debug|Any CPU
		{3269FFE7-C800-4285-A2C3-D3BC404BF98F}.Release|Any CPU.ActiveCfg = Release|Any CPU
		{3269FFE7-C800-4285-A2C3-D3BC404BF98F}.Release|Any CPU.Build.0 = Release|Any CPU
		{F38DCE55-5A11-4F10-88FB-914732A2F8D0}.Debug|Any CPU.ActiveCfg = Debug|Any CPU
		{F38DCE55-5A11-4F10-88FB-914732A2F8D0}.Debug|Any CPU.Build.0 = Debug|Any CPU
		{F38DCE55-5A11-4F10-88FB-914732A2F8D0}.Release|Any CPU.ActiveCfg = Release|Any CPU
		{F38DCE55-5A11-4F10-88FB-914732A2F8D0}.Release|Any CPU.Build.0 = Release|Any CPU
	EndGlobalSection
	GlobalSection(SolutionProperties) = preSolution
		HideSolutionNode = FALSE
	EndGlobalSection
	GlobalSection(NestedProjects) = preSolution
		{AACCCEB8-3E2E-4BA8-91D1-2536840A2BDD} = {6255DB05-6B3A-4B04-AC57-60230CF0A5A5}
		{B4473D8E-3892-4F4A-ABE8-6AF9D9FC0944} = {6255DB05-6B3A-4B04-AC57-60230CF0A5A5}
		{1022F344-CCD8-4A87-9188-207D4BD76353} = {6255DB05-6B3A-4B04-AC57-60230CF0A5A5}
		{5C878372-8DD9-4B7D-928B-746F90CD649D} = {6255DB05-6B3A-4B04-AC57-60230CF0A5A5}
		{48D3D15B-25C1-4DD1-B3FF-6A186FDB4794} = {6255DB05-6B3A-4B04-AC57-60230CF0A5A5}
		{8BF16C04-74A5-4035-98B7-419DCC197D88} = {6255DB05-6B3A-4B04-AC57-60230CF0A5A5}
		{D664F13C-B7D5-4142-B6F5-9AD6BB627BC6} = {AACCCEB8-3E2E-4BA8-91D1-2536840A2BDD}
		{263F5730-B510-4B18-AAC6-D1B5B7059B19} = {48D3D15B-25C1-4DD1-B3FF-6A186FDB4794}
		{80F1B40B-8AB3-400F-8ABF-B07A6C5746B6} = {B4473D8E-3892-4F4A-ABE8-6AF9D9FC0944}
		{5FE531F8-C75D-4EB9-8329-7D461A85DA2F} = {5C878372-8DD9-4B7D-928B-746F90CD649D}
		{7778D415-E18D-4635-9844-84041C3ED9D6} = {1022F344-CCD8-4A87-9188-207D4BD76353}
		{8789AF15-48BE-43EF-AA89-8DA1F6424D5E} = {F73EAA76-E776-48D9-AC48-DA27460885EF}
		{BC8A75EE-2677-458F-8CF0-902AB504A365} = {F73EAA76-E776-48D9-AC48-DA27460885EF}
		{F0478D35-3427-4F15-8EA5-352C63B5B629} = {6255DB05-6B3A-4B04-AC57-60230CF0A5A5}
		{FF7E5FEF-DBE4-4813-9D85-703FED3F5B68} = {F0478D35-3427-4F15-8EA5-352C63B5B629}
		{898E4098-32E3-49BD-96F1-0105918B4862} = {6F928FB5-09CC-4E9F-97F2-F9565A0CD45C}
		{570A572D-CB8C-4407-9462-BC5A2D7EFCE9} = {6F928FB5-09CC-4E9F-97F2-F9565A0CD45C}
		{3269FFE7-C800-4285-A2C3-D3BC404BF98F} = {F0478D35-3427-4F15-8EA5-352C63B5B629}
		{F38DCE55-5A11-4F10-88FB-914732A2F8D0} = {8BF16C04-74A5-4035-98B7-419DCC197D88}
	EndGlobalSection
	GlobalSection(ExtensibilityGlobals) = postSolution
		SolutionGuid = {B1880B85-7E37-4934-9AFB-71FA67B3D181}
	EndGlobalSection
EndGlobal
