
Microsoft Visual Studio Solution File, Format Version 12.00
# Visual Studio Version 16
VisualStudioVersion = 16.0.30204.135
MinimumVisualStudioVersion = 10.0.40219.1
Project("{2150E333-8FDC-42A3-9474-1A3956D46DE8}") = "src", "src", "{6255DB05-6B3A-4B04-AC57-60230CF0A5A5}"
EndProject
Project("{2150E333-8FDC-42A3-9474-1A3956D46DE8}") = "tests", "tests", "{6F928FB5-09CC-4E9F-97F2-F9565A0CD45C}"
EndProject
Project("{2150E333-8FDC-42A3-9474-1A3956D46DE8}") = "Domain", "Domain", "{AACCCEB8-3E2E-4BA8-91D1-2536840A2BDD}"
EndProject
Project("{2150E333-8FDC-42A3-9474-1A3956D46DE8}") = "Application", "Application", "{B4473D8E-3892-4F4A-ABE8-6AF9D9FC0944}"
EndProject
Project("{2150E333-8FDC-42A3-9474-1A3956D46DE8}") = "Infrastructure", "Infrastructure", "{5C878372-8DD9-4B7D-928B-746F90CD649D}"
EndProject
Project("{2150E333-8FDC-42A3-9474-1A3956D46DE8}") = "Api", "Api", "{48D3D15B-25C1-4DD1-B3FF-6A186FDB4794}"
EndProject
Project("{2150E333-8FDC-42A3-9474-1A3956D46DE8}") = "Solution Items", "Solution Items", "{7EF67224-0CD0-4C27-B349-816D8935510C}"
	ProjectSection(SolutionItems) = preProject
		.editorconfig = .editorconfig
	EndProjectSection
EndProject
Project("{9A19103F-16F7-4668-BE54-9A1E7A4F7556}") = "Expensely.Domain", "src\Domain\Expensely.Domain\Expensely.Domain.csproj", "{D664F13C-B7D5-4142-B6F5-9AD6BB627BC6}"
EndProject
Project("{9A19103F-16F7-4668-BE54-9A1E7A4F7556}") = "Expensely.Api", "src\Api\Expensely.Api\Expensely.Api.csproj", "{263F5730-B510-4B18-AAC6-D1B5B7059B19}"
EndProject
Project("{9A19103F-16F7-4668-BE54-9A1E7A4F7556}") = "Expensely.Application", "src\Application\Expensely.Application\Expensely.Application.csproj", "{80F1B40B-8AB3-400F-8ABF-B07A6C5746B6}"
EndProject
Project("{2150E333-8FDC-42A3-9474-1A3956D46DE8}") = "migrations", "migrations", "{F73EAA76-E776-48D9-AC48-DA27460885EF}"
EndProject
Project("{9A19103F-16F7-4668-BE54-9A1E7A4F7556}") = "Expensely.Domain.Core", "src\Domain\Expensely.Domain.Core\Expensely.Domain.Core.csproj", "{C1CA1884-D5C7-4397-B43B-32CEEC075BDC}"
EndProject
Project("{9A19103F-16F7-4668-BE54-9A1E7A4F7556}") = "Expensely.Migrations.Core", "migrations\Expensely.Migrations.Core\Expensely.Migrations.Core.csproj", "{2498177B-E9DB-45EE-8B1B-EF6ABE0A77A1}"
EndProject
Project("{9A19103F-16F7-4668-BE54-9A1E7A4F7556}") = "Expensely.Migrations.Scripts", "migrations\Expensely.Migrations.Scripts\Expensely.Migrations.Scripts.csproj", "{A54B16A5-51CC-4713-8CB9-CD6FE60F7F53}"
EndProject
Project("{9A19103F-16F7-4668-BE54-9A1E7A4F7556}") = "Expensely.Infrastructure.Services", "src\Infrastructure\Expensely.Infrastructure.Services\Expensely.Infrastructure.Services.csproj", "{BB52C92D-EA6B-48A4-B427-B0695AE09F95}"
EndProject
Project("{9A19103F-16F7-4668-BE54-9A1E7A4F7556}") = "Expensely.Infrastructure.Authentication", "src\Infrastructure\Expensely.Infrastructure.Authentication\Expensely.Infrastructure.Authentication.csproj", "{3678B06A-7D50-4F7E-A564-6B6EC930B6ED}"
EndProject
Project("{9A19103F-16F7-4668-BE54-9A1E7A4F7556}") = "Expensely.Infrastructure.Persistence", "src\Infrastructure\Expensely.Infrastructure.Persistence\Expensely.Infrastructure.Persistence.csproj", "{0B8BB6C1-F51E-4884-B081-6D9B3F665FDC}"
EndProject
Project("{9A19103F-16F7-4668-BE54-9A1E7A4F7556}") = "Expensely.Infrastructure.Authorization", "src\Infrastructure\Expensely.Infrastructure.Authorization\Expensely.Infrastructure.Authorization.csproj", "{AFDDC1E7-39A5-4E89-92E3-9D52D08DF553}"
EndProject
Project("{9A19103F-16F7-4668-BE54-9A1E7A4F7556}") = "Expensely.Application.Contracts", "src\Application\Expensely.Application.Contracts\Expensely.Application.Contracts.csproj", "{4F51C975-DD53-4E48-A548-77764A7CCDF5}"
EndProject
Project("{9A19103F-16F7-4668-BE54-9A1E7A4F7556}") = "Expensely.Domain.UnitTests", "tests\Expensely.Domain.UnitTests\Expensely.Domain.UnitTests.csproj", "{CD664DB4-3B03-4864-B8D9-95ACCE4C74C9}"
EndProject
Project("{9A19103F-16F7-4668-BE54-9A1E7A4F7556}") = "Expensely.Application.UnitTests", "tests\Expensely.Application.UnitTests\Expensely.Application.UnitTests.csproj", "{1BF0C4C4-C712-4BFE-AB48-F5990D4D5E7D}"
EndProject
Project("{9A19103F-16F7-4668-BE54-9A1E7A4F7556}") = "Expensely.Application.IntegrationTests", "tests\Expensely.Application.IntegrationTests\Expensely.Application.IntegrationTests.csproj", "{AB8DBFCD-BC2F-40F5-8486-670931AFB13E}"
EndProject
Project("{9A19103F-16F7-4668-BE54-9A1E7A4F7556}") = "Expensely.Infrastructure.Services.IntegrationTests", "tests\Expensely.Infrastructure.Services.IntegrationTests\Expensely.Infrastructure.Services.IntegrationTests.csproj", "{E4A28F1D-526D-4BE3-B2EF-E8B562A57AC1}"
EndProject
Project("{FAE04EC0-301F-11D3-BF4B-00C04F79EFBC}") = "Expensely.Infrastructure.Persistence.IntegrationTests", "tests\Expensely.Infrastructure.Persistence.IntegrationTests\Expensely.Infrastructure.Persistence.IntegrationTests.csproj", "{5AD791AB-7DAF-4D02-B800-C1C373AF3012}"
EndProject
Global
	GlobalSection(SolutionConfigurationPlatforms) = preSolution
		Debug|Any CPU = Debug|Any CPU
		Release|Any CPU = Release|Any CPU
	EndGlobalSection
	GlobalSection(ProjectConfigurationPlatforms) = postSolution
		{D664F13C-B7D5-4142-B6F5-9AD6BB627BC6}.Debug|Any CPU.ActiveCfg = Debug|Any CPU
		{D664F13C-B7D5-4142-B6F5-9AD6BB627BC6}.Debug|Any CPU.Build.0 = Debug|Any CPU
		{D664F13C-B7D5-4142-B6F5-9AD6BB627BC6}.Release|Any CPU.ActiveCfg = Release|Any CPU
		{D664F13C-B7D5-4142-B6F5-9AD6BB627BC6}.Release|Any CPU.Build.0 = Release|Any CPU
		{263F5730-B510-4B18-AAC6-D1B5B7059B19}.Debug|Any CPU.ActiveCfg = Debug|Any CPU
		{263F5730-B510-4B18-AAC6-D1B5B7059B19}.Debug|Any CPU.Build.0 = Debug|Any CPU
		{263F5730-B510-4B18-AAC6-D1B5B7059B19}.Release|Any CPU.ActiveCfg = Release|Any CPU
		{263F5730-B510-4B18-AAC6-D1B5B7059B19}.Release|Any CPU.Build.0 = Release|Any CPU
		{80F1B40B-8AB3-400F-8ABF-B07A6C5746B6}.Debug|Any CPU.ActiveCfg = Debug|Any CPU
		{80F1B40B-8AB3-400F-8ABF-B07A6C5746B6}.Debug|Any CPU.Build.0 = Debug|Any CPU
		{80F1B40B-8AB3-400F-8ABF-B07A6C5746B6}.Release|Any CPU.ActiveCfg = Release|Any CPU
		{80F1B40B-8AB3-400F-8ABF-B07A6C5746B6}.Release|Any CPU.Build.0 = Release|Any CPU
		{C1CA1884-D5C7-4397-B43B-32CEEC075BDC}.Debug|Any CPU.ActiveCfg = Debug|Any CPU
		{C1CA1884-D5C7-4397-B43B-32CEEC075BDC}.Debug|Any CPU.Build.0 = Debug|Any CPU
		{C1CA1884-D5C7-4397-B43B-32CEEC075BDC}.Release|Any CPU.ActiveCfg = Release|Any CPU
		{C1CA1884-D5C7-4397-B43B-32CEEC075BDC}.Release|Any CPU.Build.0 = Release|Any CPU
		{2498177B-E9DB-45EE-8B1B-EF6ABE0A77A1}.Debug|Any CPU.ActiveCfg = Debug|Any CPU
		{2498177B-E9DB-45EE-8B1B-EF6ABE0A77A1}.Debug|Any CPU.Build.0 = Debug|Any CPU
		{2498177B-E9DB-45EE-8B1B-EF6ABE0A77A1}.Release|Any CPU.ActiveCfg = Release|Any CPU
		{2498177B-E9DB-45EE-8B1B-EF6ABE0A77A1}.Release|Any CPU.Build.0 = Release|Any CPU
		{A54B16A5-51CC-4713-8CB9-CD6FE60F7F53}.Debug|Any CPU.ActiveCfg = Debug|Any CPU
		{A54B16A5-51CC-4713-8CB9-CD6FE60F7F53}.Debug|Any CPU.Build.0 = Debug|Any CPU
		{A54B16A5-51CC-4713-8CB9-CD6FE60F7F53}.Release|Any CPU.ActiveCfg = Release|Any CPU
		{A54B16A5-51CC-4713-8CB9-CD6FE60F7F53}.Release|Any CPU.Build.0 = Release|Any CPU
		{BB52C92D-EA6B-48A4-B427-B0695AE09F95}.Debug|Any CPU.ActiveCfg = Debug|Any CPU
		{BB52C92D-EA6B-48A4-B427-B0695AE09F95}.Debug|Any CPU.Build.0 = Debug|Any CPU
		{BB52C92D-EA6B-48A4-B427-B0695AE09F95}.Release|Any CPU.ActiveCfg = Release|Any CPU
		{BB52C92D-EA6B-48A4-B427-B0695AE09F95}.Release|Any CPU.Build.0 = Release|Any CPU
		{3678B06A-7D50-4F7E-A564-6B6EC930B6ED}.Debug|Any CPU.ActiveCfg = Debug|Any CPU
		{3678B06A-7D50-4F7E-A564-6B6EC930B6ED}.Debug|Any CPU.Build.0 = Debug|Any CPU
		{3678B06A-7D50-4F7E-A564-6B6EC930B6ED}.Release|Any CPU.ActiveCfg = Release|Any CPU
		{3678B06A-7D50-4F7E-A564-6B6EC930B6ED}.Release|Any CPU.Build.0 = Release|Any CPU
		{0B8BB6C1-F51E-4884-B081-6D9B3F665FDC}.Debug|Any CPU.ActiveCfg = Debug|Any CPU
		{0B8BB6C1-F51E-4884-B081-6D9B3F665FDC}.Debug|Any CPU.Build.0 = Debug|Any CPU
		{0B8BB6C1-F51E-4884-B081-6D9B3F665FDC}.Release|Any CPU.ActiveCfg = Release|Any CPU
		{0B8BB6C1-F51E-4884-B081-6D9B3F665FDC}.Release|Any CPU.Build.0 = Release|Any CPU
		{AFDDC1E7-39A5-4E89-92E3-9D52D08DF553}.Debug|Any CPU.ActiveCfg = Debug|Any CPU
		{AFDDC1E7-39A5-4E89-92E3-9D52D08DF553}.Debug|Any CPU.Build.0 = Debug|Any CPU
		{AFDDC1E7-39A5-4E89-92E3-9D52D08DF553}.Release|Any CPU.ActiveCfg = Release|Any CPU
		{AFDDC1E7-39A5-4E89-92E3-9D52D08DF553}.Release|Any CPU.Build.0 = Release|Any CPU
		{4F51C975-DD53-4E48-A548-77764A7CCDF5}.Debug|Any CPU.ActiveCfg = Debug|Any CPU
		{4F51C975-DD53-4E48-A548-77764A7CCDF5}.Debug|Any CPU.Build.0 = Debug|Any CPU
		{4F51C975-DD53-4E48-A548-77764A7CCDF5}.Release|Any CPU.ActiveCfg = Release|Any CPU
		{4F51C975-DD53-4E48-A548-77764A7CCDF5}.Release|Any CPU.Build.0 = Release|Any CPU
		{CD664DB4-3B03-4864-B8D9-95ACCE4C74C9}.Debug|Any CPU.ActiveCfg = Debug|Any CPU
		{CD664DB4-3B03-4864-B8D9-95ACCE4C74C9}.Debug|Any CPU.Build.0 = Debug|Any CPU
		{CD664DB4-3B03-4864-B8D9-95ACCE4C74C9}.Release|Any CPU.ActiveCfg = Release|Any CPU
		{CD664DB4-3B03-4864-B8D9-95ACCE4C74C9}.Release|Any CPU.Build.0 = Release|Any CPU
		{1BF0C4C4-C712-4BFE-AB48-F5990D4D5E7D}.Debug|Any CPU.ActiveCfg = Debug|Any CPU
		{1BF0C4C4-C712-4BFE-AB48-F5990D4D5E7D}.Debug|Any CPU.Build.0 = Debug|Any CPU
		{1BF0C4C4-C712-4BFE-AB48-F5990D4D5E7D}.Release|Any CPU.ActiveCfg = Release|Any CPU
		{1BF0C4C4-C712-4BFE-AB48-F5990D4D5E7D}.Release|Any CPU.Build.0 = Release|Any CPU
		{AB8DBFCD-BC2F-40F5-8486-670931AFB13E}.Debug|Any CPU.ActiveCfg = Debug|Any CPU
		{AB8DBFCD-BC2F-40F5-8486-670931AFB13E}.Debug|Any CPU.Build.0 = Debug|Any CPU
		{AB8DBFCD-BC2F-40F5-8486-670931AFB13E}.Release|Any CPU.ActiveCfg = Release|Any CPU
		{AB8DBFCD-BC2F-40F5-8486-670931AFB13E}.Release|Any CPU.Build.0 = Release|Any CPU
		{E4A28F1D-526D-4BE3-B2EF-E8B562A57AC1}.Debug|Any CPU.ActiveCfg = Debug|Any CPU
		{E4A28F1D-526D-4BE3-B2EF-E8B562A57AC1}.Debug|Any CPU.Build.0 = Debug|Any CPU
		{E4A28F1D-526D-4BE3-B2EF-E8B562A57AC1}.Release|Any CPU.ActiveCfg = Release|Any CPU
		{E4A28F1D-526D-4BE3-B2EF-E8B562A57AC1}.Release|Any CPU.Build.0 = Release|Any CPU
		{5AD791AB-7DAF-4D02-B800-C1C373AF3012}.Debug|Any CPU.ActiveCfg = Debug|Any CPU
		{5AD791AB-7DAF-4D02-B800-C1C373AF3012}.Debug|Any CPU.Build.0 = Debug|Any CPU
		{5AD791AB-7DAF-4D02-B800-C1C373AF3012}.Release|Any CPU.ActiveCfg = Release|Any CPU
		{5AD791AB-7DAF-4D02-B800-C1C373AF3012}.Release|Any CPU.Build.0 = Release|Any CPU
	EndGlobalSection
	GlobalSection(SolutionProperties) = preSolution
		HideSolutionNode = FALSE
	EndGlobalSection
	GlobalSection(NestedProjects) = preSolution
		{AACCCEB8-3E2E-4BA8-91D1-2536840A2BDD} = {6255DB05-6B3A-4B04-AC57-60230CF0A5A5}
		{B4473D8E-3892-4F4A-ABE8-6AF9D9FC0944} = {6255DB05-6B3A-4B04-AC57-60230CF0A5A5}
		{5C878372-8DD9-4B7D-928B-746F90CD649D} = {6255DB05-6B3A-4B04-AC57-60230CF0A5A5}
		{48D3D15B-25C1-4DD1-B3FF-6A186FDB4794} = {6255DB05-6B3A-4B04-AC57-60230CF0A5A5}
		{D664F13C-B7D5-4142-B6F5-9AD6BB627BC6} = {AACCCEB8-3E2E-4BA8-91D1-2536840A2BDD}
		{263F5730-B510-4B18-AAC6-D1B5B7059B19} = {48D3D15B-25C1-4DD1-B3FF-6A186FDB4794}
		{80F1B40B-8AB3-400F-8ABF-B07A6C5746B6} = {B4473D8E-3892-4F4A-ABE8-6AF9D9FC0944}
		{C1CA1884-D5C7-4397-B43B-32CEEC075BDC} = {AACCCEB8-3E2E-4BA8-91D1-2536840A2BDD}
		{2498177B-E9DB-45EE-8B1B-EF6ABE0A77A1} = {F73EAA76-E776-48D9-AC48-DA27460885EF}
		{A54B16A5-51CC-4713-8CB9-CD6FE60F7F53} = {F73EAA76-E776-48D9-AC48-DA27460885EF}
		{BB52C92D-EA6B-48A4-B427-B0695AE09F95} = {5C878372-8DD9-4B7D-928B-746F90CD649D}
		{3678B06A-7D50-4F7E-A564-6B6EC930B6ED} = {5C878372-8DD9-4B7D-928B-746F90CD649D}
		{0B8BB6C1-F51E-4884-B081-6D9B3F665FDC} = {5C878372-8DD9-4B7D-928B-746F90CD649D}
		{AFDDC1E7-39A5-4E89-92E3-9D52D08DF553} = {5C878372-8DD9-4B7D-928B-746F90CD649D}
		{4F51C975-DD53-4E48-A548-77764A7CCDF5} = {B4473D8E-3892-4F4A-ABE8-6AF9D9FC0944}
		{CD664DB4-3B03-4864-B8D9-95ACCE4C74C9} = {6F928FB5-09CC-4E9F-97F2-F9565A0CD45C}
		{1BF0C4C4-C712-4BFE-AB48-F5990D4D5E7D} = {6F928FB5-09CC-4E9F-97F2-F9565A0CD45C}
		{AB8DBFCD-BC2F-40F5-8486-670931AFB13E} = {6F928FB5-09CC-4E9F-97F2-F9565A0CD45C}
		{E4A28F1D-526D-4BE3-B2EF-E8B562A57AC1} = {6F928FB5-09CC-4E9F-97F2-F9565A0CD45C}
		{5AD791AB-7DAF-4D02-B800-C1C373AF3012} = {6F928FB5-09CC-4E9F-97F2-F9565A0CD45C}
	EndGlobalSection
	GlobalSection(ExtensibilityGlobals) = postSolution
		SolutionGuid = {B1880B85-7E37-4934-9AFB-71FA67B3D181}
	EndGlobalSection
EndGlobal
